// !$*UTF8*$!
{
	archiveVersion = 1;
	classes = {
	};
	objectVersion = 46;
	objects = {

/* Begin PBXBuildFile section */
		368281DD1C925F53005FB2E9 /* 111.png in Resources */ = {isa = PBXBuildFile; fileRef = 368281DC1C925F53005FB2E9 /* 111.png */; };
		36EECFB81C916E0A00BADBE8 /* main.m in Sources */ = {isa = PBXBuildFile; fileRef = 36EECFB71C916E0A00BADBE8 /* main.m */; };
		36EECFBB1C916E0A00BADBE8 /* AppDelegate.m in Sources */ = {isa = PBXBuildFile; fileRef = 36EECFBA1C916E0A00BADBE8 /* AppDelegate.m */; };
		36EECFC31C916E0A00BADBE8 /* Assets.xcassets in Resources */ = {isa = PBXBuildFile; fileRef = 36EECFC21C916E0A00BADBE8 /* Assets.xcassets */; };
		36EECFC61C916E0A00BADBE8 /* LaunchScreen.storyboard in Resources */ = {isa = PBXBuildFile; fileRef = 36EECFC41C916E0A00BADBE8 /* LaunchScreen.storyboard */; };
		36EECFD11C916E0A00BADBE8 /* YLQRCodeTests.m in Sources */ = {isa = PBXBuildFile; fileRef = 36EECFD01C916E0A00BADBE8 /* YLQRCodeTests.m */; };
		36EECFDC1C916E0A00BADBE8 /* YLQRCodeUITests.m in Sources */ = {isa = PBXBuildFile; fileRef = 36EECFDB1C916E0A00BADBE8 /* YLQRCodeUITests.m */; };
		36EECFF21C916E4A00BADBE8 /* ScanFinishViewController.m in Sources */ = {isa = PBXBuildFile; fileRef = 36EECFEA1C916E4A00BADBE8 /* ScanFinishViewController.m */; };
		36EECFF31C916E4A00BADBE8 /* ScanViewController.m in Sources */ = {isa = PBXBuildFile; fileRef = 36EECFEC1C916E4A00BADBE8 /* ScanViewController.m */; };
		36EECFF41C916E4A00BADBE8 /* ViewController.m in Sources */ = {isa = PBXBuildFile; fileRef = 36EECFEE1C916E4A00BADBE8 /* ViewController.m */; };
		36EECFF51C916E4A00BADBE8 /* YLQRCodeTool.m in Sources */ = {isa = PBXBuildFile; fileRef = 36EECFF11C916E4A00BADBE8 /* YLQRCodeTool.m */; };
		36EECFF71C916E5F00BADBE8 /* Main.storyboard in Resources */ = {isa = PBXBuildFile; fileRef = 36EECFF61C916E5F00BADBE8 /* Main.storyboard */; };
/* End PBXBuildFile section */

/* Begin PBXContainerItemProxy section */
		36EECFCD1C916E0A00BADBE8 /* PBXContainerItemProxy */ = {
			isa = PBXContainerItemProxy;
			containerPortal = 36EECFAB1C916E0A00BADBE8 /* Project object */;
			proxyType = 1;
			remoteGlobalIDString = 36EECFB21C916E0A00BADBE8;
			remoteInfo = YLQRCode;
		};
		36EECFD81C916E0A00BADBE8 /* PBXContainerItemProxy */ = {
			isa = PBXContainerItemProxy;
			containerPortal = 36EECFAB1C916E0A00BADBE8 /* Project object */;
			proxyType = 1;
			remoteGlobalIDString = 36EECFB21C916E0A00BADBE8;
			remoteInfo = YLQRCode;
		};
/* End PBXContainerItemProxy section */

/* Begin PBXFileReference section */
		368281DC1C925F53005FB2E9 /* 111.png */ = {isa = PBXFileReference; lastKnownFileType = image.png; path = 111.png; sourceTree = "<group>"; };
		36EECFB31C916E0A00BADBE8 /* YLQRCode.app */ = {isa = PBXFileReference; explicitFileType = wrapper.application; includeInIndex = 0; path = YLQRCode.app; sourceTree = BUILT_PRODUCTS_DIR; };
		36EECFB71C916E0A00BADBE8 /* main.m */ = {isa = PBXFileReference; lastKnownFileType = sourcecode.c.objc; path = main.m; sourceTree = "<group>"; };
		36EECFB91C916E0A00BADBE8 /* AppDelegate.h */ = {isa = PBXFileReference; lastKnownFileType = sourcecode.c.h; path = AppDelegate.h; sourceTree = "<group>"; };
		36EECFBA1C916E0A00BADBE8 /* AppDelegate.m */ = {isa = PBXFileReference; lastKnownFileType = sourcecode.c.objc; path = AppDelegate.m; sourceTree = "<group>"; };
		36EECFC21C916E0A00BADBE8 /* Assets.xcassets */ = {isa = PBXFileReference; lastKnownFileType = folder.assetcatalog; path = Assets.xcassets; sourceTree = "<group>"; };
		36EECFC51C916E0A00BADBE8 /* Base */ = {isa = PBXFileReference; lastKnownFileType = file.storyboard; name = Base; path = Base.lproj/LaunchScreen.storyboard; sourceTree = "<group>"; };
		36EECFC71C916E0A00BADBE8 /* Info.plist */ = {isa = PBXFileReference; lastKnownFileType = text.plist.xml; path = Info.plist; sourceTree = "<group>"; };
		36EECFCC1C916E0A00BADBE8 /* YLQRCodeTests.xctest */ = {isa = PBXFileReference; explicitFileType = wrapper.cfbundle; includeInIndex = 0; path = YLQRCodeTests.xctest; sourceTree = BUILT_PRODUCTS_DIR; };
		36EECFD01C916E0A00BADBE8 /* YLQRCodeTests.m */ = {isa = PBXFileReference; lastKnownFileType = sourcecode.c.objc; path = YLQRCodeTests.m; sourceTree = "<group>"; };
		36EECFD21C916E0A00BADBE8 /* Info.plist */ = {isa = PBXFileReference; lastKnownFileType = text.plist.xml; path = Info.plist; sourceTree = "<group>"; };
		36EECFD71C916E0A00BADBE8 /* YLQRCodeUITests.xctest */ = {isa = PBXFileReference; explicitFileType = wrapper.cfbundle; includeInIndex = 0; path = YLQRCodeUITests.xctest; sourceTree = BUILT_PRODUCTS_DIR; };
		36EECFDB1C916E0A00BADBE8 /* YLQRCodeUITests.m */ = {isa = PBXFileReference; lastKnownFileType = sourcecode.c.objc; path = YLQRCodeUITests.m; sourceTree = "<group>"; };
		36EECFDD1C916E0A00BADBE8 /* Info.plist */ = {isa = PBXFileReference; lastKnownFileType = text.plist.xml; path = Info.plist; sourceTree = "<group>"; };
		36EECFE91C916E4A00BADBE8 /* ScanFinishViewController.h */ = {isa = PBXFileReference; fileEncoding = 4; lastKnownFileType = sourcecode.c.h; path = ScanFinishViewController.h; sourceTree = "<group>"; };
		36EECFEA1C916E4A00BADBE8 /* ScanFinishViewController.m */ = {isa = PBXFileReference; fileEncoding = 4; lastKnownFileType = sourcecode.c.objc; path = ScanFinishViewController.m; sourceTree = "<group>"; };
		36EECFEB1C916E4A00BADBE8 /* ScanViewController.h */ = {isa = PBXFileReference; fileEncoding = 4; lastKnownFileType = sourcecode.c.h; path = ScanViewController.h; sourceTree = "<group>"; };
		36EECFEC1C916E4A00BADBE8 /* ScanViewController.m */ = {isa = PBXFileReference; fileEncoding = 4; lastKnownFileType = sourcecode.c.objc; path = ScanViewController.m; sourceTree = "<group>"; };
		36EECFED1C916E4A00BADBE8 /* ViewController.h */ = {isa = PBXFileReference; fileEncoding = 4; lastKnownFileType = sourcecode.c.h; path = ViewController.h; sourceTree = "<group>"; };
		36EECFEE1C916E4A00BADBE8 /* ViewController.m */ = {isa = PBXFileReference; fileEncoding = 4; lastKnownFileType = sourcecode.c.objc; path = ViewController.m; sourceTree = "<group>"; };
		36EECFF01C916E4A00BADBE8 /* YLQRCodeTool.h */ = {isa = PBXFileReference; fileEncoding = 4; lastKnownFileType = sourcecode.c.h; path = YLQRCodeTool.h; sourceTree = "<group>"; };
		36EECFF11C916E4A00BADBE8 /* YLQRCodeTool.m */ = {isa = PBXFileReference; fileEncoding = 4; lastKnownFileType = sourcecode.c.objc; path = YLQRCodeTool.m; sourceTree = "<group>"; };
		36EECFF61C916E5F00BADBE8 /* Main.storyboard */ = {isa = PBXFileReference; fileEncoding = 4; lastKnownFileType = file.storyboard; path = Main.storyboard; sourceTree = "<group>"; };
/* End PBXFileReference section */

/* Begin PBXFrameworksBuildPhase section */
		36EECFB01C916E0A00BADBE8 /* Frameworks */ = {
			isa = PBXFrameworksBuildPhase;
			buildActionMask = 2147483647;
			files = (
			);
			runOnlyForDeploymentPostprocessing = 0;
		};
		36EECFC91C916E0A00BADBE8 /* Frameworks */ = {
			isa = PBXFrameworksBuildPhase;
			buildActionMask = 2147483647;
			files = (
			);
			runOnlyForDeploymentPostprocessing = 0;
		};
		36EECFD41C916E0A00BADBE8 /* Frameworks */ = {
			isa = PBXFrameworksBuildPhase;
			buildActionMask = 2147483647;
			files = (
			);
			runOnlyForDeploymentPostprocessing = 0;
		};
/* End PBXFrameworksBuildPhase section */

/* Begin PBXGroup section */
		36EECFAA1C916E0A00BADBE8 = {
			isa = PBXGroup;
			children = (
				36EECFB51C916E0A00BADBE8 /* YLQRCode */,
				36EECFCF1C916E0A00BADBE8 /* YLQRCodeTests */,
				36EECFDA1C916E0A00BADBE8 /* YLQRCodeUITests */,
				36EECFB41C916E0A00BADBE8 /* Products */,
			);
			sourceTree = "<group>";
		};
		36EECFB41C916E0A00BADBE8 /* Products */ = {
			isa = PBXGroup;
			children = (
				36EECFB31C916E0A00BADBE8 /* YLQRCode.app */,
				36EECFCC1C916E0A00BADBE8 /* YLQRCodeTests.xctest */,
				36EECFD71C916E0A00BADBE8 /* YLQRCodeUITests.xctest */,
			);
			name = Products;
			sourceTree = "<group>";
		};
		36EECFB51C916E0A00BADBE8 /* YLQRCode */ = {
			isa = PBXGroup;
			children = (
				368281DC1C925F53005FB2E9 /* 111.png */,
				36EECFF81C916EB300BADBE8 /* Controller */,
				36EECFEF1C916E4A00BADBE8 /* YLQRCodeTool */,
				36EECFC21C916E0A00BADBE8 /* Assets.xcassets */,
				36EECFF61C916E5F00BADBE8 /* Main.storyboard */,
				36EECFC41C916E0A00BADBE8 /* LaunchScreen.storyboard */,
				36EECFC71C916E0A00BADBE8 /* Info.plist */,
				36EECFB61C916E0A00BADBE8 /* Supporting Files */,
			);
			path = YLQRCode;
			sourceTree = "<group>";
		};
		36EECFB61C916E0A00BADBE8 /* Supporting Files */ = {
			isa = PBXGroup;
			children = (
				36EECFB91C916E0A00BADBE8 /* AppDelegate.h */,
				36EECFBA1C916E0A00BADBE8 /* AppDelegate.m */,
				36EECFB71C916E0A00BADBE8 /* main.m */,
			);
			name = "Supporting Files";
			sourceTree = "<group>";
		};
		36EECFCF1C916E0A00BADBE8 /* YLQRCodeTests */ = {
			isa = PBXGroup;
			children = (
				36EECFD01C916E0A00BADBE8 /* YLQRCodeTests.m */,
				36EECFD21C916E0A00BADBE8 /* Info.plist */,
			);
			path = YLQRCodeTests;
			sourceTree = "<group>";
		};
		36EECFDA1C916E0A00BADBE8 /* YLQRCodeUITests */ = {
			isa = PBXGroup;
			children = (
				36EECFDB1C916E0A00BADBE8 /* YLQRCodeUITests.m */,
				36EECFDD1C916E0A00BADBE8 /* Info.plist */,
			);
			path = YLQRCodeUITests;
			sourceTree = "<group>";
		};
		36EECFEF1C916E4A00BADBE8 /* YLQRCodeTool */ = {
			isa = PBXGroup;
			children = (
				36EECFF01C916E4A00BADBE8 /* YLQRCodeTool.h */,
				36EECFF11C916E4A00BADBE8 /* YLQRCodeTool.m */,
			);
			path = YLQRCodeTool;
			sourceTree = "<group>";
		};
		36EECFF81C916EB300BADBE8 /* Controller */ = {
			isa = PBXGroup;
			children = (
				36EECFE91C916E4A00BADBE8 /* ScanFinishViewController.h */,
				36EECFEA1C916E4A00BADBE8 /* ScanFinishViewController.m */,
				36EECFEB1C916E4A00BADBE8 /* ScanViewController.h */,
				36EECFEC1C916E4A00BADBE8 /* ScanViewController.m */,
				36EECFED1C916E4A00BADBE8 /* ViewController.h */,
				36EECFEE1C916E4A00BADBE8 /* ViewController.m */,
			);
			name = Controller;
			sourceTree = "<group>";
		};
/* End PBXGroup section */

/* Begin PBXNativeTarget section */
		36EECFB21C916E0A00BADBE8 /* YLQRCode */ = {
			isa = PBXNativeTarget;
			buildConfigurationList = 36EECFE01C916E0A00BADBE8 /* Build configuration list for PBXNativeTarget "YLQRCode" */;
			buildPhases = (
				36EECFAF1C916E0A00BADBE8 /* Sources */,
				36EECFB01C916E0A00BADBE8 /* Frameworks */,
				36EECFB11C916E0A00BADBE8 /* Resources */,
			);
			buildRules = (
			);
			dependencies = (
			);
			name = YLQRCode;
			productName = YLQRCode;
			productReference = 36EECFB31C916E0A00BADBE8 /* YLQRCode.app */;
			productType = "com.apple.product-type.application";
		};
		36EECFCB1C916E0A00BADBE8 /* YLQRCodeTests */ = {
			isa = PBXNativeTarget;
			buildConfigurationList = 36EECFE31C916E0A00BADBE8 /* Build configuration list for PBXNativeTarget "YLQRCodeTests" */;
			buildPhases = (
				36EECFC81C916E0A00BADBE8 /* Sources */,
				36EECFC91C916E0A00BADBE8 /* Frameworks */,
				36EECFCA1C916E0A00BADBE8 /* Resources */,
			);
			buildRules = (
			);
			dependencies = (
				36EECFCE1C916E0A00BADBE8 /* PBXTargetDependency */,
			);
			name = YLQRCodeTests;
			productName = YLQRCodeTests;
			productReference = 36EECFCC1C916E0A00BADBE8 /* YLQRCodeTests.xctest */;
			productType = "com.apple.product-type.bundle.unit-test";
		};
		36EECFD61C916E0A00BADBE8 /* YLQRCodeUITests */ = {
			isa = PBXNativeTarget;
			buildConfigurationList = 36EECFE61C916E0A00BADBE8 /* Build configuration list for PBXNativeTarget "YLQRCodeUITests" */;
			buildPhases = (
				36EECFD31C916E0A00BADBE8 /* Sources */,
				36EECFD41C916E0A00BADBE8 /* Frameworks */,
				36EECFD51C916E0A00BADBE8 /* Resources */,
			);
			buildRules = (
			);
			dependencies = (
				36EECFD91C916E0A00BADBE8 /* PBXTargetDependency */,
			);
			name = YLQRCodeUITests;
			productName = YLQRCodeUITests;
			productReference = 36EECFD71C916E0A00BADBE8 /* YLQRCodeUITests.xctest */;
			productType = "com.apple.product-type.bundle.ui-testing";
		};
/* End PBXNativeTarget section */

/* Begin PBXProject section */
		36EECFAB1C916E0A00BADBE8 /* Project object */ = {
			isa = PBXProject;
			attributes = {
				LastUpgradeCheck = 0720;
				ORGANIZATIONNAME = yanlong;
				TargetAttributes = {
					36EECFB21C916E0A00BADBE8 = {
						CreatedOnToolsVersion = 7.2.1;
					};
					36EECFCB1C916E0A00BADBE8 = {
						CreatedOnToolsVersion = 7.2.1;
						TestTargetID = 36EECFB21C916E0A00BADBE8;
					};
					36EECFD61C916E0A00BADBE8 = {
						CreatedOnToolsVersion = 7.2.1;
						TestTargetID = 36EECFB21C916E0A00BADBE8;
					};
				};
			};
			buildConfigurationList = 36EECFAE1C916E0A00BADBE8 /* Build configuration list for PBXProject "YLQRCode" */;
			compatibilityVersion = "Xcode 3.2";
			developmentRegion = English;
			hasScannedForEncodings = 0;
			knownRegions = (
				en,
				Base,
			);
			mainGroup = 36EECFAA1C916E0A00BADBE8;
			productRefGroup = 36EECFB41C916E0A00BADBE8 /* Products */;
			projectDirPath = "";
			projectRoot = "";
			targets = (
				36EECFB21C916E0A00BADBE8 /* YLQRCode */,
				36EECFCB1C916E0A00BADBE8 /* YLQRCodeTests */,
				36EECFD61C916E0A00BADBE8 /* YLQRCodeUITests */,
			);
		};
/* End PBXProject section */

/* Begin PBXResourcesBuildPhase section */
		36EECFB11C916E0A00BADBE8 /* Resources */ = {
			isa = PBXResourcesBuildPhase;
			buildActionMask = 2147483647;
			files = (
				36EECFF71C916E5F00BADBE8 /* Main.storyboard in Resources */,
				36EECFC61C916E0A00BADBE8 /* LaunchScreen.storyboard in Resources */,
				368281DD1C925F53005FB2E9 /* 111.png in Resources */,
				36EECFC31C916E0A00BADBE8 /* Assets.xcassets in Resources */,
			);
			runOnlyForDeploymentPostprocessing = 0;
		};
		36EECFCA1C916E0A00BADBE8 /* Resources */ = {
			isa = PBXResourcesBuildPhase;
			buildActionMask = 2147483647;
			files = (
			);
			runOnlyForDeploymentPostprocessing = 0;
		};
		36EECFD51C916E0A00BADBE8 /* Resources */ = {
			isa = PBXResourcesBuildPhase;
			buildActionMask = 2147483647;
			files = (
			);
			runOnlyForDeploymentPostprocessing = 0;
		};
/* End PBXResourcesBuildPhase section */

/* Begin PBXSourcesBuildPhase section */
		36EECFAF1C916E0A00BADBE8 /* Sources */ = {
			isa = PBXSourcesBuildPhase;
			buildActionMask = 2147483647;
			files = (
				36EECFBB1C916E0A00BADBE8 /* AppDelegate.m in Sources */,
				36EECFF21C916E4A00BADBE8 /* ScanFinishViewController.m in Sources */,
				36EECFB81C916E0A00BADBE8 /* main.m in Sources */,
				36EECFF31C916E4A00BADBE8 /* ScanViewController.m in Sources */,
				36EECFF51C916E4A00BADBE8 /* YLQRCodeTool.m in Sources */,
				36EECFF41C916E4A00BADBE8 /* ViewController.m in Sources */,
			);
			runOnlyForDeploymentPostprocessing = 0;
		};
		36EECFC81C916E0A00BADBE8 /* Sources */ = {
			isa = PBXSourcesBuildPhase;
			buildActionMask = 2147483647;
			files = (
				36EECFD11C916E0A00BADBE8 /* YLQRCodeTests.m in Sources */,
			);
			runOnlyForDeploymentPostprocessing = 0;
		};
		36EECFD31C916E0A00BADBE8 /* Sources */ = {
			isa = PBXSourcesBuildPhase;
			buildActionMask = 2147483647;
			files = (
				36EECFDC1C916E0A00BADBE8 /* YLQRCodeUITests.m in Sources */,
			);
			runOnlyForDeploymentPostprocessing = 0;
		};
/* End PBXSourcesBuildPhase section */

/* Begin PBXTargetDependency section */
		36EECFCE1C916E0A00BADBE8 /* PBXTargetDependency */ = {
			isa = PBXTargetDependency;
			target = 36EECFB21C916E0A00BADBE8 /* YLQRCode */;
			targetProxy = 36EECFCD1C916E0A00BADBE8 /* PBXContainerItemProxy */;
		};
		36EECFD91C916E0A00BADBE8 /* PBXTargetDependency */ = {
			isa = PBXTargetDependency;
			target = 36EECFB21C916E0A00BADBE8 /* YLQRCode */;
			targetProxy = 36EECFD81C916E0A00BADBE8 /* PBXContainerItemProxy */;
		};
/* End PBXTargetDependency section */

/* Begin PBXVariantGroup section */
		36EECFC41C916E0A00BADBE8 /* LaunchScreen.storyboard */ = {
			isa = PBXVariantGroup;
			children = (
				36EECFC51C916E0A00BADBE8 /* Base */,
			);
			name = LaunchScreen.storyboard;
			sourceTree = "<group>";
		};
/* End PBXVariantGroup section */

/* Begin XCBuildConfiguration section */
		36EECFDE1C916E0A00BADBE8 /* Debug */ = {
			isa = XCBuildConfiguration;
			buildSettings = {
				ALWAYS_SEARCH_USER_PATHS = NO;
				CLANG_CXX_LANGUAGE_STANDARD = "gnu++0x";
				CLANG_CXX_LIBRARY = "libc++";
				CLANG_ENABLE_MODULES = YES;
				CLANG_ENABLE_OBJC_ARC = YES;
				CLANG_WARN_BOOL_CONVERSION = YES;
				CLANG_WARN_CONSTANT_CONVERSION = YES;
				CLANG_WARN_DIRECT_OBJC_ISA_USAGE = YES_ERROR;
				CLANG_WARN_EMPTY_BODY = YES;
				CLANG_WARN_ENUM_CONVERSION = YES;
				CLANG_WARN_INT_CONVERSION = YES;
				CLANG_WARN_OBJC_ROOT_CLASS = YES_ERROR;
				CLANG_WARN_UNREACHABLE_CODE = YES;
				CLANG_WARN__DUPLICATE_METHOD_MATCH = YES;
				"CODE_SIGN_IDENTITY[sdk=iphoneos*]" = "iPhone Developer";
				COPY_PHASE_STRIP = NO;
				DEBUG_INFORMATION_FORMAT = dwarf;
				ENABLE_STRICT_OBJC_MSGSEND = YES;
				ENABLE_TESTABILITY = YES;
				GCC_C_LANGUAGE_STANDARD = gnu99;
				GCC_DYNAMIC_NO_PIC = NO;
				GCC_NO_COMMON_BLOCKS = YES;
				GCC_OPTIMIZATION_LEVEL = 0;
				GCC_PREPROCESSOR_DEFINITIONS = (
					"DEBUG=1",
					"$(inherited)",
				);
				GCC_WARN_64_TO_32_BIT_CONVERSION = YES;
				GCC_WARN_ABOUT_RETURN_TYPE = YES_ERROR;
				GCC_WARN_UNDECLARED_SELECTOR = YES;
				GCC_WARN_UNINITIALIZED_AUTOS = YES_AGGRESSIVE;
				GCC_WARN_UNUSED_FUNCTION = YES;
				GCC_WARN_UNUSED_VARIABLE = YES;
				IPHONEOS_DEPLOYMENT_TARGET = 9.2;
				MTL_ENABLE_DEBUG_INFO = YES;
				ONLY_ACTIVE_ARCH = YES;
				SDKROOT = iphoneos;
				TARGETED_DEVICE_FAMILY = "1,2";
			};
			name = Debug;
		};
		36EECFDF1C916E0A00BADBE8 /* Release */ = {
			isa = XCBuildConfiguration;
			buildSettings = {
				ALWAYS_SEARCH_USER_PATHS = NO;
				CLANG_CXX_LANGUAGE_STANDARD = "gnu++0x";
				CLANG_CXX_LIBRARY = "libc++";
				CLANG_ENABLE_MODULES = YES;
				CLANG_ENABLE_OBJC_ARC = YES;
				CLANG_WARN_BOOL_CONVERSION = YES;
				CLANG_WARN_CONSTANT_CONVERSION = YES;
				CLANG_WARN_DIRECT_OBJC_ISA_USAGE = YES_ERROR;
				CLANG_WARN_EMPTY_BODY = YES;
				CLANG_WARN_ENUM_CONVERSION = YES;
				CLANG_WARN_INT_CONVERSION = YES;
				CLANG_WARN_OBJC_ROOT_CLASS = YES_ERROR;
				CLANG_WARN_UNREACHABLE_CODE = YES;
				CLANG_WARN__DUPLICATE_METHOD_MATCH = YES;
				"CODE_SIGN_IDENTITY[sdk=iphoneos*]" = "iPhone Developer";
				COPY_PHASE_STRIP = NO;
				DEBUG_INFORMATION_FORMAT = "dwarf-with-dsym";
				ENABLE_NS_ASSERTIONS = NO;
				ENABLE_STRICT_OBJC_MSGSEND = YES;
				GCC_C_LANGUAGE_STANDARD = gnu99;
				GCC_NO_COMMON_BLOCKS = YES;
				GCC_WARN_64_TO_32_BIT_CONVERSION = YES;
				GCC_WARN_ABOUT_RETURN_TYPE = YES_ERROR;
				GCC_WARN_UNDECLARED_SELECTOR = YES;
				GCC_WARN_UNINITIALIZED_AUTOS = YES_AGGRESSIVE;
				GCC_WARN_UNUSED_FUNCTION = YES;
				GCC_WARN_UNUSED_VARIABLE = YES;
				IPHONEOS_DEPLOYMENT_TARGET = 9.2;
				MTL_ENABLE_DEBUG_INFO = NO;
				SDKROOT = iphoneos;
				TARGETED_DEVICE_FAMILY = "1,2";
				VALIDATE_PRODUCT = YES;
			};
			name = Release;
		};
		36EECFE11C916E0A00BADBE8 /* Debug */ = {
			isa = XCBuildConfiguration;
			buildSettings = {
				ASSETCATALOG_COMPILER_APPICON_NAME = AppIcon;
				INFOPLIST_FILE = YLQRCode/Info.plist;
				LD_RUNPATH_SEARCH_PATHS = "$(inherited) @executable_path/Frameworks";
				PRODUCT_BUNDLE_IDENTIFIER = com.CDV.YLQRCode;
				PRODUCT_NAME = "$(TARGET_NAME)";
			};
			name = Debug;
		};
		36EECFE21C916E0A00BADBE8 /* Release */ = {
			isa = XCBuildConfiguration;
			buildSettings = {
				ASSETCATALOG_COMPILER_APPICON_NAME = AppIcon;
				INFOPLIST_FILE = YLQRCode/Info.plist;
				LD_RUNPATH_SEARCH_PATHS = "$(inherited) @executable_path/Frameworks";
				PRODUCT_BUNDLE_IDENTIFIER = com.CDV.YLQRCode;
				PRODUCT_NAME = "$(TARGET_NAME)";
			};
			name = Release;
		};
		36EECFE41C916E0A00BADBE8 /* Debug */ = {
			isa = XCBuildConfiguration;
			buildSettings = {
				BUNDLE_LOADER = "$(TEST_HOST)";
				INFOPLIST_FILE = YLQRCodeTests/Info.plist;
				LD_RUNPATH_SEARCH_PATHS = "$(inherited) @executable_path/Frameworks @loader_path/Frameworks";
				PRODUCT_BUNDLE_IDENTIFIER = com.CDV.YLQRCodeTests;
				PRODUCT_NAME = "$(TARGET_NAME)";
				TEST_HOST = "$(BUILT_PRODUCTS_DIR)/YLQRCode.app/YLQRCode";
			};
			name = Debug;
		};
		36EECFE51C916E0A00BADBE8 /* Release */ = {
			isa = XCBuildConfiguration;
			buildSettings = {
				BUNDLE_LOADER = "$(TEST_HOST)";
				INFOPLIST_FILE = YLQRCodeTests/Info.plist;
				LD_RUNPATH_SEARCH_PATHS = "$(inherited) @executable_path/Frameworks @loader_path/Frameworks";
				PRODUCT_BUNDLE_IDENTIFIER = com.CDV.YLQRCodeTests;
				PRODUCT_NAME = "$(TARGET_NAME)";
				TEST_HOST = "$(BUILT_PRODUCTS_DIR)/YLQRCode.app/YLQRCode";
			};
			name = Release;
		};
		36EECFE71C916E0A00BADBE8 /* Debug */ = {
			isa = XCBuildConfiguration;
			buildSettings = {
				INFOPLIST_FILE = YLQRCodeUITests/Info.plist;
				LD_RUNPATH_SEARCH_PATHS = "$(inherited) @executable_path/Frameworks @loader_path/Frameworks";
				PRODUCT_BUNDLE_IDENTIFIER = com.CDV.YLQRCodeUITests;
				PRODUCT_NAME = "$(TARGET_NAME)";
				TEST_TARGET_NAME = YLQRCode;
				USES_XCTRUNNER = YES;
			};
			name = Debug;
		};
		36EECFE81C916E0A00BADBE8 /* Release */ = {
			isa = XCBuildConfiguration;
			buildSettings = {
				INFOPLIST_FILE = YLQRCodeUITests/Info.plist;
				LD_RUNPATH_SEARCH_PATHS = "$(inherited) @executable_path/Frameworks @loader_path/Frameworks";
				PRODUCT_BUNDLE_IDENTIFIER = com.CDV.YLQRCodeUITests;
				PRODUCT_NAME = "$(TARGET_NAME)";
				TEST_TARGET_NAME = YLQRCode;
				USES_XCTRUNNER = YES;
			};
			name = Release;
		};
/* End XCBuildConfiguration section */

/* Begin XCConfigurationList section */
		36EECFAE1C916E0A00BADBE8 /* Build configuration list for PBXProject "YLQRCode" */ = {
			isa = XCConfigurationList;
			buildConfigurations = (
				36EECFDE1C916E0A00BADBE8 /* Debug */,
				36EECFDF1C916E0A00BADBE8 /* Release */,
			);
			defaultConfigurationIsVisible = 0;
			defaultConfigurationName = Release;
		};
		36EECFE01C916E0A00BADBE8 /* Build configuration list for PBXNativeTarget "YLQRCode" */ = {
			isa = XCConfigurationList;
			buildConfigurations = (
				36EECFE11C916E0A00BADBE8 /* Debug */,
				36EECFE21C916E0A00BADBE8 /* Release */,
			);
			defaultConfigurationIsVisible = 0;
			defaultConfigurationName = Release;
		};
		36EECFE31C916E0A00BADBE8 /* Build configuration list for PBXNativeTarget "YLQRCodeTests" */ = {
			isa = XCConfigurationList;
			buildConfigurations = (
				36EECFE41C916E0A00BADBE8 /* Debug */,
				36EECFE51C916E0A00BADBE8 /* Release */,
			);
			defaultConfigurationIsVisible = 0;
			defaultConfigurationName = Release;
		};
		36EECFE61C916E0A00BADBE8 /* Build configuration list for PBXNativeTarget "YLQRCodeUITests" */ = {
			isa = XCConfigurationList;
			buildConfigurations = (
				36EECFE71C916E0A00BADBE8 /* Debug */,
				36EECFE81C916E0A00BADBE8 /* Release */,
			);
			defaultConfigurationIsVisible = 0;
			defaultConfigurationName = Release;
		};
/* End XCConfigurationList section */
	};
	rootObject = 36EECFAB1C916E0A00BADBE8 /* Project object */;
}
